// !$*UTF8*$!
{
	archiveVersion = 1;
	classes = {
	};
	objectVersion = 50;
	objects = {

/* Begin PBXBuildFile section */
		866923942489887400D95EC3 /* constants.swift in Sources */ = {isa = PBXBuildFile; fileRef = 866923932489887400D95EC3 /* constants.swift */; };
		8669239624898F3500D95EC3 /* LaunchScreenViewController.swift in Sources */ = {isa = PBXBuildFile; fileRef = 8669239524898F3500D95EC3 /* LaunchScreenViewController.swift */; };
		8669239824898FB900D95EC3 /* HomeViewController.swift in Sources */ = {isa = PBXBuildFile; fileRef = 8669239724898FB900D95EC3 /* HomeViewController.swift */; };
		8669239A24898FFD00D95EC3 /* TutorialViewController.swift in Sources */ = {isa = PBXBuildFile; fileRef = 8669239924898FFD00D95EC3 /* TutorialViewController.swift */; };
		8669239C2489901D00D95EC3 /* IdealScheduleViewController.swift in Sources */ = {isa = PBXBuildFile; fileRef = 8669239B2489901D00D95EC3 /* IdealScheduleViewController.swift */; };
		8669239E2489903B00D95EC3 /* AnalyticsViewController.swift in Sources */ = {isa = PBXBuildFile; fileRef = 8669239D2489903B00D95EC3 /* AnalyticsViewController.swift */; };
		866923A02489905F00D95EC3 /* IdealDetailViewController.swift in Sources */ = {isa = PBXBuildFile; fileRef = 8669239F2489905F00D95EC3 /* IdealDetailViewController.swift */; };
		866923A22489907900D95EC3 /* AddBlockViewController.swift in Sources */ = {isa = PBXBuildFile; fileRef = 866923A12489907900D95EC3 /* AddBlockViewController.swift */; };
		8B4C0F0624859FAD001DE8B9 /* AppDelegate.swift in Sources */ = {isa = PBXBuildFile; fileRef = 8B4C0F0524859FAD001DE8B9 /* AppDelegate.swift */; };
		8B4C0F0824859FAD001DE8B9 /* SceneDelegate.swift in Sources */ = {isa = PBXBuildFile; fileRef = 8B4C0F0724859FAD001DE8B9 /* SceneDelegate.swift */; };
		8B4C0F0D24859FAD001DE8B9 /* Main.storyboard in Resources */ = {isa = PBXBuildFile; fileRef = 8B4C0F0B24859FAD001DE8B9 /* Main.storyboard */; };
		8B4C0F0F24859FAD001DE8B9 /* Assets.xcassets in Resources */ = {isa = PBXBuildFile; fileRef = 8B4C0F0E24859FAD001DE8B9 /* Assets.xcassets */; };
		8B4C0F1D24859FAD001DE8B9 /* chronosTests.swift in Sources */ = {isa = PBXBuildFile; fileRef = 8B4C0F1C24859FAD001DE8B9 /* chronosTests.swift */; };
		8B4C0F2824859FAD001DE8B9 /* chronosUITests.swift in Sources */ = {isa = PBXBuildFile; fileRef = 8B4C0F2724859FAD001DE8B9 /* chronosUITests.swift */; };
/* End PBXBuildFile section */

/* Begin PBXContainerItemProxy section */
		8B4C0F1924859FAD001DE8B9 /* PBXContainerItemProxy */ = {
			isa = PBXContainerItemProxy;
			containerPortal = 8B4C0EFA24859FAD001DE8B9 /* Project object */;
			proxyType = 1;
			remoteGlobalIDString = 8B4C0F0124859FAD001DE8B9;
			remoteInfo = chronos;
		};
		8B4C0F2424859FAD001DE8B9 /* PBXContainerItemProxy */ = {
			isa = PBXContainerItemProxy;
			containerPortal = 8B4C0EFA24859FAD001DE8B9 /* Project object */;
			proxyType = 1;
			remoteGlobalIDString = 8B4C0F0124859FAD001DE8B9;
			remoteInfo = chronos;
		};
/* End PBXContainerItemProxy section */

/* Begin PBXFileReference section */
		866923932489887400D95EC3 /* constants.swift */ = {isa = PBXFileReference; lastKnownFileType = sourcecode.swift; path = constants.swift; sourceTree = "<group>"; };
		8669239524898F3500D95EC3 /* LaunchScreenViewController.swift */ = {isa = PBXFileReference; lastKnownFileType = sourcecode.swift; path = LaunchScreenViewController.swift; sourceTree = "<group>"; };
		8669239724898FB900D95EC3 /* HomeViewController.swift */ = {isa = PBXFileReference; lastKnownFileType = sourcecode.swift; path = HomeViewController.swift; sourceTree = "<group>"; };
		8669239924898FFD00D95EC3 /* TutorialViewController.swift */ = {isa = PBXFileReference; lastKnownFileType = sourcecode.swift; path = TutorialViewController.swift; sourceTree = "<group>"; };
		8669239B2489901D00D95EC3 /* IdealScheduleViewController.swift */ = {isa = PBXFileReference; lastKnownFileType = sourcecode.swift; path = IdealScheduleViewController.swift; sourceTree = "<group>"; };
		8669239D2489903B00D95EC3 /* AnalyticsViewController.swift */ = {isa = PBXFileReference; lastKnownFileType = sourcecode.swift; path = AnalyticsViewController.swift; sourceTree = "<group>"; };
		8669239F2489905F00D95EC3 /* IdealDetailViewController.swift */ = {isa = PBXFileReference; lastKnownFileType = sourcecode.swift; path = IdealDetailViewController.swift; sourceTree = "<group>"; };
		866923A12489907900D95EC3 /* AddBlockViewController.swift */ = {isa = PBXFileReference; lastKnownFileType = sourcecode.swift; path = AddBlockViewController.swift; sourceTree = "<group>"; };
		8B4C0F0224859FAD001DE8B9 /* chronos.app */ = {isa = PBXFileReference; explicitFileType = wrapper.application; includeInIndex = 0; path = chronos.app; sourceTree = BUILT_PRODUCTS_DIR; };
		8B4C0F0524859FAD001DE8B9 /* AppDelegate.swift */ = {isa = PBXFileReference; lastKnownFileType = sourcecode.swift; path = AppDelegate.swift; sourceTree = "<group>"; };
		8B4C0F0724859FAD001DE8B9 /* SceneDelegate.swift */ = {isa = PBXFileReference; lastKnownFileType = sourcecode.swift; path = SceneDelegate.swift; sourceTree = "<group>"; };
		8B4C0F0C24859FAD001DE8B9 /* Base */ = {isa = PBXFileReference; lastKnownFileType = file.storyboard; name = Base; path = Base.lproj/Main.storyboard; sourceTree = "<group>"; };
		8B4C0F0E24859FAD001DE8B9 /* Assets.xcassets */ = {isa = PBXFileReference; lastKnownFileType = folder.assetcatalog; path = Assets.xcassets; sourceTree = "<group>"; };
		8B4C0F1324859FAD001DE8B9 /* Info.plist */ = {isa = PBXFileReference; lastKnownFileType = text.plist.xml; path = Info.plist; sourceTree = "<group>"; };
		8B4C0F1824859FAD001DE8B9 /* chronosTests.xctest */ = {isa = PBXFileReference; explicitFileType = wrapper.cfbundle; includeInIndex = 0; path = chronosTests.xctest; sourceTree = BUILT_PRODUCTS_DIR; };
		8B4C0F1C24859FAD001DE8B9 /* chronosTests.swift */ = {isa = PBXFileReference; lastKnownFileType = sourcecode.swift; path = chronosTests.swift; sourceTree = "<group>"; };
		8B4C0F1E24859FAD001DE8B9 /* Info.plist */ = {isa = PBXFileReference; lastKnownFileType = text.plist.xml; path = Info.plist; sourceTree = "<group>"; };
		8B4C0F2324859FAD001DE8B9 /* chronosUITests.xctest */ = {isa = PBXFileReference; explicitFileType = wrapper.cfbundle; includeInIndex = 0; path = chronosUITests.xctest; sourceTree = BUILT_PRODUCTS_DIR; };
		8B4C0F2724859FAD001DE8B9 /* chronosUITests.swift */ = {isa = PBXFileReference; lastKnownFileType = sourcecode.swift; path = chronosUITests.swift; sourceTree = "<group>"; };
		8B4C0F2924859FAD001DE8B9 /* Info.plist */ = {isa = PBXFileReference; lastKnownFileType = text.plist.xml; path = Info.plist; sourceTree = "<group>"; };
/* End PBXFileReference section */

/* Begin PBXFrameworksBuildPhase section */
		8B4C0EFF24859FAD001DE8B9 /* Frameworks */ = {
			isa = PBXFrameworksBuildPhase;
			buildActionMask = 2147483647;
			files = (
			);
			runOnlyForDeploymentPostprocessing = 0;
		};
		8B4C0F1524859FAD001DE8B9 /* Frameworks */ = {
			isa = PBXFrameworksBuildPhase;
			buildActionMask = 2147483647;
			files = (
			);
			runOnlyForDeploymentPostprocessing = 0;
		};
		8B4C0F2024859FAD001DE8B9 /* Frameworks */ = {
			isa = PBXFrameworksBuildPhase;
			buildActionMask = 2147483647;
			files = (
			);
			runOnlyForDeploymentPostprocessing = 0;
		};
/* End PBXFrameworksBuildPhase section */

/* Begin PBXGroup section */
		8B4C0EF924859FAD001DE8B9 = {
			isa = PBXGroup;
			children = (
				8B4C0F0424859FAD001DE8B9 /* chronos */,
				8B4C0F1B24859FAD001DE8B9 /* chronosTests */,
				8B4C0F2624859FAD001DE8B9 /* chronosUITests */,
				8B4C0F0324859FAD001DE8B9 /* Products */,
			);
			sourceTree = "<group>";
		};
		8B4C0F0324859FAD001DE8B9 /* Products */ = {
			isa = PBXGroup;
			children = (
				8B4C0F0224859FAD001DE8B9 /* chronos.app */,
				8B4C0F1824859FAD001DE8B9 /* chronosTests.xctest */,
				8B4C0F2324859FAD001DE8B9 /* chronosUITests.xctest */,
			);
			name = Products;
			sourceTree = "<group>";
		};
		8B4C0F0424859FAD001DE8B9 /* chronos */ = {
			isa = PBXGroup;
			children = (
				8B4C0F0524859FAD001DE8B9 /* AppDelegate.swift */,
				8B4C0F0724859FAD001DE8B9 /* SceneDelegate.swift */,
				8B4C0F0B24859FAD001DE8B9 /* Main.storyboard */,
				866923A12489907900D95EC3 /* AddBlockViewController.swift */,
				8669239F2489905F00D95EC3 /* IdealDetailViewController.swift */,
				8669239D2489903B00D95EC3 /* AnalyticsViewController.swift */,
				8669239B2489901D00D95EC3 /* IdealScheduleViewController.swift */,
				8669239924898FFD00D95EC3 /* TutorialViewController.swift */,
				8669239524898F3500D95EC3 /* LaunchScreenViewController.swift */,
				8669239724898FB900D95EC3 /* HomeViewController.swift */,
				8B4C0F0E24859FAD001DE8B9 /* Assets.xcassets */,
				8B4C0F1324859FAD001DE8B9 /* Info.plist */,
				866923932489887400D95EC3 /* constants.swift */,
			);
			path = chronos;
			sourceTree = "<group>";
		};
		8B4C0F1B24859FAD001DE8B9 /* chronosTests */ = {
			isa = PBXGroup;
			children = (
				8B4C0F1C24859FAD001DE8B9 /* chronosTests.swift */,
				8B4C0F1E24859FAD001DE8B9 /* Info.plist */,
			);
			path = chronosTests;
			sourceTree = "<group>";
		};
		8B4C0F2624859FAD001DE8B9 /* chronosUITests */ = {
			isa = PBXGroup;
			children = (
				8B4C0F2724859FAD001DE8B9 /* chronosUITests.swift */,
				8B4C0F2924859FAD001DE8B9 /* Info.plist */,
			);
			path = chronosUITests;
			sourceTree = "<group>";
		};
/* End PBXGroup section */

/* Begin PBXNativeTarget section */
		8B4C0F0124859FAD001DE8B9 /* chronos */ = {
			isa = PBXNativeTarget;
			buildConfigurationList = 8B4C0F2C24859FAD001DE8B9 /* Build configuration list for PBXNativeTarget "chronos" */;
			buildPhases = (
				8B4C0EFE24859FAD001DE8B9 /* Sources */,
				8B4C0EFF24859FAD001DE8B9 /* Frameworks */,
				8B4C0F0024859FAD001DE8B9 /* Resources */,
			);
			buildRules = (
			);
			dependencies = (
			);
			name = chronos;
			productName = chronos;
			productReference = 8B4C0F0224859FAD001DE8B9 /* chronos.app */;
			productType = "com.apple.product-type.application";
		};
		8B4C0F1724859FAD001DE8B9 /* chronosTests */ = {
			isa = PBXNativeTarget;
			buildConfigurationList = 8B4C0F2F24859FAD001DE8B9 /* Build configuration list for PBXNativeTarget "chronosTests" */;
			buildPhases = (
				8B4C0F1424859FAD001DE8B9 /* Sources */,
				8B4C0F1524859FAD001DE8B9 /* Frameworks */,
				8B4C0F1624859FAD001DE8B9 /* Resources */,
			);
			buildRules = (
			);
			dependencies = (
				8B4C0F1A24859FAD001DE8B9 /* PBXTargetDependency */,
			);
			name = chronosTests;
			productName = chronosTests;
			productReference = 8B4C0F1824859FAD001DE8B9 /* chronosTests.xctest */;
			productType = "com.apple.product-type.bundle.unit-test";
		};
		8B4C0F2224859FAD001DE8B9 /* chronosUITests */ = {
			isa = PBXNativeTarget;
			buildConfigurationList = 8B4C0F3224859FAD001DE8B9 /* Build configuration list for PBXNativeTarget "chronosUITests" */;
			buildPhases = (
				8B4C0F1F24859FAD001DE8B9 /* Sources */,
				8B4C0F2024859FAD001DE8B9 /* Frameworks */,
				8B4C0F2124859FAD001DE8B9 /* Resources */,
			);
			buildRules = (
			);
			dependencies = (
				8B4C0F2524859FAD001DE8B9 /* PBXTargetDependency */,
			);
			name = chronosUITests;
			productName = chronosUITests;
			productReference = 8B4C0F2324859FAD001DE8B9 /* chronosUITests.xctest */;
			productType = "com.apple.product-type.bundle.ui-testing";
		};
/* End PBXNativeTarget section */

/* Begin PBXProject section */
		8B4C0EFA24859FAD001DE8B9 /* Project object */ = {
			isa = PBXProject;
			attributes = {
				LastSwiftUpdateCheck = 1150;
				LastUpgradeCheck = 1150;
				ORGANIZATIONNAME = "Ziyong Cui";
				TargetAttributes = {
					8B4C0F0124859FAD001DE8B9 = {
						CreatedOnToolsVersion = 11.5;
					};
					8B4C0F1724859FAD001DE8B9 = {
						CreatedOnToolsVersion = 11.5;
						TestTargetID = 8B4C0F0124859FAD001DE8B9;
					};
					8B4C0F2224859FAD001DE8B9 = {
						CreatedOnToolsVersion = 11.5;
						TestTargetID = 8B4C0F0124859FAD001DE8B9;
					};
				};
			};
			buildConfigurationList = 8B4C0EFD24859FAD001DE8B9 /* Build configuration list for PBXProject "chronos" */;
			compatibilityVersion = "Xcode 9.3";
			developmentRegion = en;
			hasScannedForEncodings = 0;
			knownRegions = (
				en,
				Base,
			);
			mainGroup = 8B4C0EF924859FAD001DE8B9;
			productRefGroup = 8B4C0F0324859FAD001DE8B9 /* Products */;
			projectDirPath = "";
			projectRoot = "";
			targets = (
				8B4C0F0124859FAD001DE8B9 /* chronos */,
				8B4C0F1724859FAD001DE8B9 /* chronosTests */,
				8B4C0F2224859FAD001DE8B9 /* chronosUITests */,
			);
		};
/* End PBXProject section */

/* Begin PBXResourcesBuildPhase section */
		8B4C0F0024859FAD001DE8B9 /* Resources */ = {
			isa = PBXResourcesBuildPhase;
			buildActionMask = 2147483647;
			files = (
				8B4C0F0F24859FAD001DE8B9 /* Assets.xcassets in Resources */,
				8B4C0F0D24859FAD001DE8B9 /* Main.storyboard in Resources */,
			);
			runOnlyForDeploymentPostprocessing = 0;
		};
		8B4C0F1624859FAD001DE8B9 /* Resources */ = {
			isa = PBXResourcesBuildPhase;
			buildActionMask = 2147483647;
			files = (
			);
			runOnlyForDeploymentPostprocessing = 0;
		};
		8B4C0F2124859FAD001DE8B9 /* Resources */ = {
			isa = PBXResourcesBuildPhase;
			buildActionMask = 2147483647;
			files = (
			);
			runOnlyForDeploymentPostprocessing = 0;
		};
/* End PBXResourcesBuildPhase section */

/* Begin PBXSourcesBuildPhase section */
		8B4C0EFE24859FAD001DE8B9 /* Sources */ = {
			isa = PBXSourcesBuildPhase;
			buildActionMask = 2147483647;
			files = (
				866923A22489907900D95EC3 /* AddBlockViewController.swift in Sources */,
				866923A02489905F00D95EC3 /* IdealDetailViewController.swift in Sources */,
				8B4C0F0624859FAD001DE8B9 /* AppDelegate.swift in Sources */,
				8669239624898F3500D95EC3 /* LaunchScreenViewController.swift in Sources */,
				8B4C0F0824859FAD001DE8B9 /* SceneDelegate.swift in Sources */,
				866923942489887400D95EC3 /* constants.swift in Sources */,
				8669239A24898FFD00D95EC3 /* TutorialViewController.swift in Sources */,
				8669239824898FB900D95EC3 /* HomeViewController.swift in Sources */,
				8669239C2489901D00D95EC3 /* IdealScheduleViewController.swift in Sources */,
				8669239E2489903B00D95EC3 /* AnalyticsViewController.swift in Sources */,
			);
			runOnlyForDeploymentPostprocessing = 0;
		};
		8B4C0F1424859FAD001DE8B9 /* Sources */ = {
			isa = PBXSourcesBuildPhase;
			buildActionMask = 2147483647;
			files = (
				8B4C0F1D24859FAD001DE8B9 /* chronosTests.swift in Sources */,
			);
			runOnlyForDeploymentPostprocessing = 0;
		};
		8B4C0F1F24859FAD001DE8B9 /* Sources */ = {
			isa = PBXSourcesBuildPhase;
			buildActionMask = 2147483647;
			files = (
				8B4C0F2824859FAD001DE8B9 /* chronosUITests.swift in Sources */,
			);
			runOnlyForDeploymentPostprocessing = 0;
		};
/* End PBXSourcesBuildPhase section */

/* Begin PBXTargetDependency section */
		8B4C0F1A24859FAD001DE8B9 /* PBXTargetDependency */ = {
			isa = PBXTargetDependency;
			target = 8B4C0F0124859FAD001DE8B9 /* chronos */;
			targetProxy = 8B4C0F1924859FAD001DE8B9 /* PBXContainerItemProxy */;
		};
		8B4C0F2524859FAD001DE8B9 /* PBXTargetDependency */ = {
			isa = PBXTargetDependency;
			target = 8B4C0F0124859FAD001DE8B9 /* chronos */;
			targetProxy = 8B4C0F2424859FAD001DE8B9 /* PBXContainerItemProxy */;
		};
/* End PBXTargetDependency section */

/* Begin PBXVariantGroup section */
		8B4C0F0B24859FAD001DE8B9 /* Main.storyboard */ = {
			isa = PBXVariantGroup;
			children = (
				8B4C0F0C24859FAD001DE8B9 /* Base */,
			);
			name = Main.storyboard;
			sourceTree = "<group>";
		};
/* End PBXVariantGroup section */

/* Begin XCBuildConfiguration section */
		8B4C0F2A24859FAD001DE8B9 /* Debug */ = {
			isa = XCBuildConfiguration;
			buildSettings = {
				ALWAYS_SEARCH_USER_PATHS = NO;
				CLANG_ANALYZER_NONNULL = YES;
				CLANG_ANALYZER_NUMBER_OBJECT_CONVERSION = YES_AGGRESSIVE;
				CLANG_CXX_LANGUAGE_STANDARD = "gnu++14";
				CLANG_CXX_LIBRARY = "libc++";
				CLANG_ENABLE_MODULES = YES;
				CLANG_ENABLE_OBJC_ARC = YES;
				CLANG_ENABLE_OBJC_WEAK = YES;
				CLANG_WARN_BLOCK_CAPTURE_AUTORELEASING = YES;
				CLANG_WARN_BOOL_CONVERSION = YES;
				CLANG_WARN_COMMA = YES;
				CLANG_WARN_CONSTANT_CONVERSION = YES;
				CLANG_WARN_DEPRECATED_OBJC_IMPLEMENTATIONS = YES;
				CLANG_WARN_DIRECT_OBJC_ISA_USAGE = YES_ERROR;
				CLANG_WARN_DOCUMENTATION_COMMENTS = YES;
				CLANG_WARN_EMPTY_BODY = YES;
				CLANG_WARN_ENUM_CONVERSION = YES;
				CLANG_WARN_INFINITE_RECURSION = YES;
				CLANG_WARN_INT_CONVERSION = YES;
				CLANG_WARN_NON_LITERAL_NULL_CONVERSION = YES;
				CLANG_WARN_OBJC_IMPLICIT_RETAIN_SELF = YES;
				CLANG_WARN_OBJC_LITERAL_CONVERSION = YES;
				CLANG_WARN_OBJC_ROOT_CLASS = YES_ERROR;
				CLANG_WARN_RANGE_LOOP_ANALYSIS = YES;
				CLANG_WARN_STRICT_PROTOTYPES = YES;
				CLANG_WARN_SUSPICIOUS_MOVE = YES;
				CLANG_WARN_UNGUARDED_AVAILABILITY = YES_AGGRESSIVE;
				CLANG_WARN_UNREACHABLE_CODE = YES;
				CLANG_WARN__DUPLICATE_METHOD_MATCH = YES;
				COPY_PHASE_STRIP = NO;
				DEBUG_INFORMATION_FORMAT = dwarf;
				ENABLE_STRICT_OBJC_MSGSEND = YES;
				ENABLE_TESTABILITY = YES;
				GCC_C_LANGUAGE_STANDARD = gnu11;
				GCC_DYNAMIC_NO_PIC = NO;
				GCC_NO_COMMON_BLOCKS = YES;
				GCC_OPTIMIZATION_LEVEL = 0;
				GCC_PREPROCESSOR_DEFINITIONS = (
					"DEBUG=1",
					"$(inherited)",
				);
				GCC_WARN_64_TO_32_BIT_CONVERSION = YES;
				GCC_WARN_ABOUT_RETURN_TYPE = YES_ERROR;
				GCC_WARN_UNDECLARED_SELECTOR = YES;
				GCC_WARN_UNINITIALIZED_AUTOS = YES_AGGRESSIVE;
				GCC_WARN_UNUSED_FUNCTION = YES;
				GCC_WARN_UNUSED_VARIABLE = YES;
				IPHONEOS_DEPLOYMENT_TARGET = 13.5;
				MTL_ENABLE_DEBUG_INFO = INCLUDE_SOURCE;
				MTL_FAST_MATH = YES;
				ONLY_ACTIVE_ARCH = YES;
				SDKROOT = iphoneos;
				SWIFT_ACTIVE_COMPILATION_CONDITIONS = DEBUG;
				SWIFT_OPTIMIZATION_LEVEL = "-Onone";
			};
			name = Debug;
		};
		8B4C0F2B24859FAD001DE8B9 /* Release */ = {
			isa = XCBuildConfiguration;
			buildSettings = {
				ALWAYS_SEARCH_USER_PATHS = NO;
				CLANG_ANALYZER_NONNULL = YES;
				CLANG_ANALYZER_NUMBER_OBJECT_CONVERSION = YES_AGGRESSIVE;
				CLANG_CXX_LANGUAGE_STANDARD = "gnu++14";
				CLANG_CXX_LIBRARY = "libc++";
				CLANG_ENABLE_MODULES = YES;
				CLANG_ENABLE_OBJC_ARC = YES;
				CLANG_ENABLE_OBJC_WEAK = YES;
				CLANG_WARN_BLOCK_CAPTURE_AUTORELEASING = YES;
				CLANG_WARN_BOOL_CONVERSION = YES;
				CLANG_WARN_COMMA = YES;
				CLANG_WARN_CONSTANT_CONVERSION = YES;
				CLANG_WARN_DEPRECATED_OBJC_IMPLEMENTATIONS = YES;
				CLANG_WARN_DIRECT_OBJC_ISA_USAGE = YES_ERROR;
				CLANG_WARN_DOCUMENTATION_COMMENTS = YES;
				CLANG_WARN_EMPTY_BODY = YES;
				CLANG_WARN_ENUM_CONVERSION = YES;
				CLANG_WARN_INFINITE_RECURSION = YES;
				CLANG_WARN_INT_CONVERSION = YES;
				CLANG_WARN_NON_LITERAL_NULL_CONVERSION = YES;
				CLANG_WARN_OBJC_IMPLICIT_RETAIN_SELF = YES;
				CLANG_WARN_OBJC_LITERAL_CONVERSION = YES;
				CLANG_WARN_OBJC_ROOT_CLASS = YES_ERROR;
				CLANG_WARN_RANGE_LOOP_ANALYSIS = YES;
				CLANG_WARN_STRICT_PROTOTYPES = YES;
				CLANG_WARN_SUSPICIOUS_MOVE = YES;
				CLANG_WARN_UNGUARDED_AVAILABILITY = YES_AGGRESSIVE;
				CLANG_WARN_UNREACHABLE_CODE = YES;
				CLANG_WARN__DUPLICATE_METHOD_MATCH = YES;
				COPY_PHASE_STRIP = NO;
				DEBUG_INFORMATION_FORMAT = "dwarf-with-dsym";
				ENABLE_NS_ASSERTIONS = NO;
				ENABLE_STRICT_OBJC_MSGSEND = YES;
				GCC_C_LANGUAGE_STANDARD = gnu11;
				GCC_NO_COMMON_BLOCKS = YES;
				GCC_WARN_64_TO_32_BIT_CONVERSION = YES;
				GCC_WARN_ABOUT_RETURN_TYPE = YES_ERROR;
				GCC_WARN_UNDECLARED_SELECTOR = YES;
				GCC_WARN_UNINITIALIZED_AUTOS = YES_AGGRESSIVE;
				GCC_WARN_UNUSED_FUNCTION = YES;
				GCC_WARN_UNUSED_VARIABLE = YES;
				IPHONEOS_DEPLOYMENT_TARGET = 13.5;
				MTL_ENABLE_DEBUG_INFO = NO;
				MTL_FAST_MATH = YES;
				SDKROOT = iphoneos;
				SWIFT_COMPILATION_MODE = wholemodule;
				SWIFT_OPTIMIZATION_LEVEL = "-O";
				VALIDATE_PRODUCT = YES;
			};
			name = Release;
		};
		8B4C0F2D24859FAD001DE8B9 /* Debug */ = {
			isa = XCBuildConfiguration;
			buildSettings = {
				ASSETCATALOG_COMPILER_APPICON_NAME = AppIcon;
				CODE_SIGN_IDENTITY = "Apple Development";
				CODE_SIGN_STYLE = Automatic;
				CURRENT_PROJECT_VERSION = 0;
				DEVELOPMENT_TEAM = LT3RLS668S;
				INFOPLIST_FILE = chronos/Info.plist;
				IPHONEOS_DEPLOYMENT_TARGET = 13.0;
				LD_RUNPATH_SEARCH_PATHS = (
					"$(inherited)",
					"@executable_path/Frameworks",
				);
				MARKETING_VERSION = 1.0.0;
				PRODUCT_BUNDLE_IDENTIFIER = paulmuser.chronos;
				PRODUCT_NAME = "$(TARGET_NAME)";
				PROVISIONING_PROFILE_SPECIFIER = "";
				SWIFT_VERSION = 5.0;
				TARGETED_DEVICE_FAMILY = "1,2";
			};
			name = Debug;
		};
		8B4C0F2E24859FAD001DE8B9 /* Release */ = {
			isa = XCBuildConfiguration;
			buildSettings = {
				ASSETCATALOG_COMPILER_APPICON_NAME = AppIcon;
				CODE_SIGN_IDENTITY = "Apple Development";
				CODE_SIGN_STYLE = Automatic;
				CURRENT_PROJECT_VERSION = 0;
				DEVELOPMENT_TEAM = "";
				INFOPLIST_FILE = chronos/Info.plist;
				IPHONEOS_DEPLOYMENT_TARGET = 13.0;
				LD_RUNPATH_SEARCH_PATHS = (
					"$(inherited)",
					"@executable_path/Frameworks",
				);
				MARKETING_VERSION = 1.0.0;
				PRODUCT_BUNDLE_IDENTIFIER = paulmuser.chronos;
				PRODUCT_NAME = "$(TARGET_NAME)";
				PROVISIONING_PROFILE_SPECIFIER = "";
				SWIFT_VERSION = 5.0;
				TARGETED_DEVICE_FAMILY = "1,2";
			};
			name = Release;
		};
		8B4C0F3024859FAD001DE8B9 /* Debug */ = {
			isa = XCBuildConfiguration;
			buildSettings = {
				ALWAYS_EMBED_SWIFT_STANDARD_LIBRARIES = YES;
				BUNDLE_LOADER = "$(TEST_HOST)";
				CODE_SIGN_STYLE = Automatic;
				INFOPLIST_FILE = chronosTests/Info.plist;
				IPHONEOS_DEPLOYMENT_TARGET = 13.2;
				LD_RUNPATH_SEARCH_PATHS = (
					"$(inherited)",
					"@executable_path/Frameworks",
					"@loader_path/Frameworks",
				);
				PRODUCT_BUNDLE_IDENTIFIER = Chronos.chronosTests;
				PRODUCT_NAME = "$(TARGET_NAME)";
				SWIFT_VERSION = 5.0;
				TARGETED_DEVICE_FAMILY = "1,2";
				TEST_HOST = "$(BUILT_PRODUCTS_DIR)/chronos.app/chronos";
			};
			name = Debug;
		};
		8B4C0F3124859FAD001DE8B9 /* Release */ = {
			isa = XCBuildConfiguration;
			buildSettings = {
				ALWAYS_EMBED_SWIFT_STANDARD_LIBRARIES = YES;
				BUNDLE_LOADER = "$(TEST_HOST)";
				CODE_SIGN_STYLE = Automatic;
				INFOPLIST_FILE = chronosTests/Info.plist;
				IPHONEOS_DEPLOYMENT_TARGET = 13.2;
				LD_RUNPATH_SEARCH_PATHS = (
					"$(inherited)",
					"@executable_path/Frameworks",
					"@loader_path/Frameworks",
				);
				PRODUCT_BUNDLE_IDENTIFIER = Chronos.chronosTests;
				PRODUCT_NAME = "$(TARGET_NAME)";
				SWIFT_VERSION = 5.0;
				TARGETED_DEVICE_FAMILY = "1,2";
				TEST_HOST = "$(BUILT_PRODUCTS_DIR)/chronos.app/chronos";
			};
			name = Release;
		};
		8B4C0F3324859FAD001DE8B9 /* Debug */ = {
			isa = XCBuildConfiguration;
			buildSettings = {
				ALWAYS_EMBED_SWIFT_STANDARD_LIBRARIES = YES;
				CODE_SIGN_STYLE = Automatic;
				INFOPLIST_FILE = chronosUITests/Info.plist;
				IPHONEOS_DEPLOYMENT_TARGET = 13.0;
				LD_RUNPATH_SEARCH_PATHS = (
					"$(inherited)",
					"@executable_path/Frameworks",
					"@loader_path/Frameworks",
				);
				PRODUCT_BUNDLE_IDENTIFIER = Chronos.chronosUITests;
				PRODUCT_NAME = "$(TARGET_NAME)";
				SWIFT_VERSION = 5.0;
				TARGETED_DEVICE_FAMILY = "1,2";
				TEST_TARGET_NAME = chronos;
			};
			name = Debug;
		};
		8B4C0F3424859FAD001DE8B9 /* Release */ = {
			isa = XCBuildConfiguration;
			buildSettings = {
				ALWAYS_EMBED_SWIFT_STANDARD_LIBRARIES = YES;
				CODE_SIGN_STYLE = Automatic;
				INFOPLIST_FILE = chronosUITests/Info.plist;
				IPHONEOS_DEPLOYMENT_TARGET = 13.0;
				LD_RUNPATH_SEARCH_PATHS = (
					"$(inherited)",
					"@executable_path/Frameworks",
					"@loader_path/Frameworks",
				);
				PRODUCT_BUNDLE_IDENTIFIER = Chronos.chronosUITests;
				PRODUCT_NAME = "$(TARGET_NAME)";
				SWIFT_VERSION = 5.0;
				TARGETED_DEVICE_FAMILY = "1,2";
				TEST_TARGET_NAME = chronos;
			};
			name = Release;
		};
/* End XCBuildConfiguration section */

/* Begin XCConfigurationList section */
		8B4C0EFD24859FAD001DE8B9 /* Build configuration list for PBXProject "chronos" */ = {
			isa = XCConfigurationList;
			buildConfigurations = (
				8B4C0F2A24859FAD001DE8B9 /* Debug */,
				8B4C0F2B24859FAD001DE8B9 /* Release */,
			);
			defaultConfigurationIsVisible = 0;
			defaultConfigurationName = Release;
		};
		8B4C0F2C24859FAD001DE8B9 /* Build configuration list for PBXNativeTarget "chronos" */ = {
			isa = XCConfigurationList;
			buildConfigurations = (
				8B4C0F2D24859FAD001DE8B9 /* Debug */,
				8B4C0F2E24859FAD001DE8B9 /* Release */,
			);
			defaultConfigurationIsVisible = 0;
			defaultConfigurationName = Release;
		};
		8B4C0F2F24859FAD001DE8B9 /* Build configuration list for PBXNativeTarget "chronosTests" */ = {
			isa = XCConfigurationList;
			buildConfigurations = (
				8B4C0F3024859FAD001DE8B9 /* Debug */,
				8B4C0F3124859FAD001DE8B9 /* Release */,
			);
			defaultConfigurationIsVisible = 0;
			defaultConfigurationName = Release;
		};
		8B4C0F3224859FAD001DE8B9 /* Build configuration list for PBXNativeTarget "chronosUITests" */ = {
			isa = XCConfigurationList;
			buildConfigurations = (
				8B4C0F3324859FAD001DE8B9 /* Debug */,
				8B4C0F3424859FAD001DE8B9 /* Release */,
			);
			defaultConfigurationIsVisible = 0;
			defaultConfigurationName = Release;
		};
/* End XCConfigurationList section */
	};
	rootObject = 8B4C0EFA24859FAD001DE8B9 /* Project object */;
}
