// !$*UTF8*$!
{
	archiveVersion = 1;
	classes = {
	};
	objectVersion = 51;
	objects = {

/* Begin PBXBuildFile section */
		0CDFC7A96C3B17DDEB2FC75F /* Pods_chronos_chronosUITests.framework in Frameworks */ = {isa = PBXBuildFile; fileRef = C084F6BF95CA358CB24B7BF5 /* Pods_chronos_chronosUITests.framework */; };
		866923942489887400D95EC3 /* structures.swift in Sources */ = {isa = PBXBuildFile; fileRef = 866923932489887400D95EC3 /* structures.swift */; };
		8669239624898F3500D95EC3 /* LaunchScreenViewController.swift in Sources */ = {isa = PBXBuildFile; fileRef = 8669239524898F3500D95EC3 /* LaunchScreenViewController.swift */; };
		8669239824898FB900D95EC3 /* HomeViewController.swift in Sources */ = {isa = PBXBuildFile; fileRef = 8669239724898FB900D95EC3 /* HomeViewController.swift */; };
		8669239C2489901D00D95EC3 /* IdealScheduleViewController.swift in Sources */ = {isa = PBXBuildFile; fileRef = 8669239B2489901D00D95EC3 /* IdealScheduleViewController.swift */; };
		8669239E2489903B00D95EC3 /* AnalyticsViewController.swift in Sources */ = {isa = PBXBuildFile; fileRef = 8669239D2489903B00D95EC3 /* AnalyticsViewController.swift */; };
		866923A02489905F00D95EC3 /* IdealDetailViewController.swift in Sources */ = {isa = PBXBuildFile; fileRef = 8669239F2489905F00D95EC3 /* IdealDetailViewController.swift */; };
		866923A22489907900D95EC3 /* AddBlockViewController.swift in Sources */ = {isa = PBXBuildFile; fileRef = 866923A12489907900D95EC3 /* AddBlockViewController.swift */; };
		86E97EF024928FE800E192FA /* tableViewCells.swift in Sources */ = {isa = PBXBuildFile; fileRef = 86E97EEF24928FE800E192FA /* tableViewCells.swift */; };
		8709474C248C221400B3F047 /* Homeview.swift in Sources */ = {isa = PBXBuildFile; fileRef = 8709474B248C221400B3F047 /* Homeview.swift */; };
		8709474F248C27AE00B3F047 /* Storyboarded.swift in Sources */ = {isa = PBXBuildFile; fileRef = 8709474E248C27AE00B3F047 /* Storyboarded.swift */; };
		87094751248C286100B3F047 /* GradientView.swift in Sources */ = {isa = PBXBuildFile; fileRef = 87094750248C286100B3F047 /* GradientView.swift */; };
		87094753248C28CB00B3F047 /* UIView-FadeIn.swift in Sources */ = {isa = PBXBuildFile; fileRef = 87094752248C28CB00B3F047 /* UIView-FadeIn.swift */; };
		87094755248C328100B3F047 /* Tutorial.json in Resources */ = {isa = PBXBuildFile; fileRef = 87094754248C328100B3F047 /* Tutorial.json */; };
		87094757248C32F000B3F047 /* Tutorial.xcassets in Resources */ = {isa = PBXBuildFile; fileRef = 87094756248C32F000B3F047 /* Tutorial.xcassets */; };
		87094759248C333300B3F047 /* TutorialItem.swift in Sources */ = {isa = PBXBuildFile; fileRef = 87094758248C333300B3F047 /* TutorialItem.swift */; };
		8709475B248C337C00B3F047 /* TutorialItemViewController.swift in Sources */ = {isa = PBXBuildFile; fileRef = 8709475A248C337C00B3F047 /* TutorialItemViewController.swift */; };
		8709475D248C339900B3F047 /* TutorialHostViewController.swift in Sources */ = {isa = PBXBuildFile; fileRef = 8709475C248C339900B3F047 /* TutorialHostViewController.swift */; };
		8709475F248C33B100B3F047 /* TutorialPageViewController.swift in Sources */ = {isa = PBXBuildFile; fileRef = 8709475E248C33B100B3F047 /* TutorialPageViewController.swift */; };
		87094761248C354200B3F047 /* BundleExtension.swift in Sources */ = {isa = PBXBuildFile; fileRef = 87094760248C354200B3F047 /* BundleExtension.swift */; };
		87094763248C359500B3F047 /* UIApplication-activetraitcollection.swift in Sources */ = {isa = PBXBuildFile; fileRef = 87094762248C359500B3F047 /* UIApplication-activetraitcollection.swift */; };
		8731AFCA24920C65007D6289 /* test.swift in Sources */ = {isa = PBXBuildFile; fileRef = 8731AFC924920C65007D6289 /* test.swift */; };
		8AA6D96106AC49EBB4C206B5 /* Pods_chronos.framework in Frameworks */ = {isa = PBXBuildFile; fileRef = B6E18B1F2EE1182A965592DD /* Pods_chronos.framework */; };
		8B4C0F0624859FAD001DE8B9 /* AppDelegate.swift in Sources */ = {isa = PBXBuildFile; fileRef = 8B4C0F0524859FAD001DE8B9 /* AppDelegate.swift */; };
		8B4C0F0824859FAD001DE8B9 /* SceneDelegate.swift in Sources */ = {isa = PBXBuildFile; fileRef = 8B4C0F0724859FAD001DE8B9 /* SceneDelegate.swift */; };
		8B4C0F0D24859FAD001DE8B9 /* Main.storyboard in Resources */ = {isa = PBXBuildFile; fileRef = 8B4C0F0B24859FAD001DE8B9 /* Main.storyboard */; };
		8B4C0F0F24859FAD001DE8B9 /* Assets.xcassets in Resources */ = {isa = PBXBuildFile; fileRef = 8B4C0F0E24859FAD001DE8B9 /* Assets.xcassets */; };
		8B4C0F1D24859FAD001DE8B9 /* chronosTests.swift in Sources */ = {isa = PBXBuildFile; fileRef = 8B4C0F1C24859FAD001DE8B9 /* chronosTests.swift */; };
		8B4C0F2824859FAD001DE8B9 /* chronosUITests.swift in Sources */ = {isa = PBXBuildFile; fileRef = 8B4C0F2724859FAD001DE8B9 /* chronosUITests.swift */; };
		CFD7DCDBF172477C0DF2310F /* Pods_chronosTests.framework in Frameworks */ = {isa = PBXBuildFile; fileRef = 3A31A66D7409369A1D7C0221 /* Pods_chronosTests.framework */; };
/* End PBXBuildFile section */

/* Begin PBXContainerItemProxy section */
		8B4C0F1924859FAD001DE8B9 /* PBXContainerItemProxy */ = {
			isa = PBXContainerItemProxy;
			containerPortal = 8B4C0EFA24859FAD001DE8B9 /* Project object */;
			proxyType = 1;
			remoteGlobalIDString = 8B4C0F0124859FAD001DE8B9;
			remoteInfo = chronos;
		};
		8B4C0F2424859FAD001DE8B9 /* PBXContainerItemProxy */ = {
			isa = PBXContainerItemProxy;
			containerPortal = 8B4C0EFA24859FAD001DE8B9 /* Project object */;
			proxyType = 1;
			remoteGlobalIDString = 8B4C0F0124859FAD001DE8B9;
			remoteInfo = chronos;
		};
/* End PBXContainerItemProxy section */

/* Begin PBXFileReference section */
		3A31A66D7409369A1D7C0221 /* Pods_chronosTests.framework */ = {isa = PBXFileReference; explicitFileType = wrapper.framework; includeInIndex = 0; path = Pods_chronosTests.framework; sourceTree = BUILT_PRODUCTS_DIR; };
		3EA9A3BFFDEFAD3E41CAFB3A /* Pods-chronos.release.xcconfig */ = {isa = PBXFileReference; includeInIndex = 1; lastKnownFileType = text.xcconfig; name = "Pods-chronos.release.xcconfig"; path = "Target Support Files/Pods-chronos/Pods-chronos.release.xcconfig"; sourceTree = "<group>"; };
		42021CB987D19D123F9C30DE /* Pods-chronos-chronosUITests.debug.xcconfig */ = {isa = PBXFileReference; includeInIndex = 1; lastKnownFileType = text.xcconfig; name = "Pods-chronos-chronosUITests.debug.xcconfig"; path = "Target Support Files/Pods-chronos-chronosUITests/Pods-chronos-chronosUITests.debug.xcconfig"; sourceTree = "<group>"; };
		4AF08790546BD9A7AF85BBC3 /* Pods-chronosTests.release.xcconfig */ = {isa = PBXFileReference; includeInIndex = 1; lastKnownFileType = text.xcconfig; name = "Pods-chronosTests.release.xcconfig"; path = "Target Support Files/Pods-chronosTests/Pods-chronosTests.release.xcconfig"; sourceTree = "<group>"; };
		72F45F85ADB17E2D9B427E9E /* Pods-chronos-chronosUITests.release.xcconfig */ = {isa = PBXFileReference; includeInIndex = 1; lastKnownFileType = text.xcconfig; name = "Pods-chronos-chronosUITests.release.xcconfig"; path = "Target Support Files/Pods-chronos-chronosUITests/Pods-chronos-chronosUITests.release.xcconfig"; sourceTree = "<group>"; };
		866923932489887400D95EC3 /* structures.swift */ = {isa = PBXFileReference; lastKnownFileType = sourcecode.swift; path = structures.swift; sourceTree = "<group>"; };
		8669239524898F3500D95EC3 /* LaunchScreenViewController.swift */ = {isa = PBXFileReference; lastKnownFileType = sourcecode.swift; path = LaunchScreenViewController.swift; sourceTree = "<group>"; };
		8669239724898FB900D95EC3 /* HomeViewController.swift */ = {isa = PBXFileReference; lastKnownFileType = sourcecode.swift; path = HomeViewController.swift; sourceTree = "<group>"; };
		8669239B2489901D00D95EC3 /* IdealScheduleViewController.swift */ = {isa = PBXFileReference; lastKnownFileType = sourcecode.swift; path = IdealScheduleViewController.swift; sourceTree = "<group>"; };
		8669239D2489903B00D95EC3 /* AnalyticsViewController.swift */ = {isa = PBXFileReference; lastKnownFileType = sourcecode.swift; path = AnalyticsViewController.swift; sourceTree = "<group>"; };
		8669239F2489905F00D95EC3 /* IdealDetailViewController.swift */ = {isa = PBXFileReference; lastKnownFileType = sourcecode.swift; path = IdealDetailViewController.swift; sourceTree = "<group>"; };
		866923A12489907900D95EC3 /* AddBlockViewController.swift */ = {isa = PBXFileReference; lastKnownFileType = sourcecode.swift; path = AddBlockViewController.swift; sourceTree = "<group>"; };
		86E97EEF24928FE800E192FA /* tableViewCells.swift */ = {isa = PBXFileReference; lastKnownFileType = sourcecode.swift; path = tableViewCells.swift; sourceTree = "<group>"; };
		8709474B248C221400B3F047 /* Homeview.swift */ = {isa = PBXFileReference; lastKnownFileType = sourcecode.swift; path = Homeview.swift; sourceTree = "<group>"; };
		8709474E248C27AE00B3F047 /* Storyboarded.swift */ = {isa = PBXFileReference; lastKnownFileType = sourcecode.swift; path = Storyboarded.swift; sourceTree = "<group>"; };
		87094750248C286100B3F047 /* GradientView.swift */ = {isa = PBXFileReference; lastKnownFileType = sourcecode.swift; path = GradientView.swift; sourceTree = "<group>"; };
		87094752248C28CB00B3F047 /* UIView-FadeIn.swift */ = {isa = PBXFileReference; lastKnownFileType = sourcecode.swift; path = "UIView-FadeIn.swift"; sourceTree = "<group>"; };
		87094754248C328100B3F047 /* Tutorial.json */ = {isa = PBXFileReference; fileEncoding = 4; lastKnownFileType = text.json; path = Tutorial.json; sourceTree = "<group>"; };
		87094756248C32F000B3F047 /* Tutorial.xcassets */ = {isa = PBXFileReference; lastKnownFileType = folder.assetcatalog; path = Tutorial.xcassets; sourceTree = "<group>"; };
		87094758248C333300B3F047 /* TutorialItem.swift */ = {isa = PBXFileReference; lastKnownFileType = sourcecode.swift; path = TutorialItem.swift; sourceTree = "<group>"; };
		8709475A248C337C00B3F047 /* TutorialItemViewController.swift */ = {isa = PBXFileReference; lastKnownFileType = sourcecode.swift; path = TutorialItemViewController.swift; sourceTree = "<group>"; };
		8709475C248C339900B3F047 /* TutorialHostViewController.swift */ = {isa = PBXFileReference; lastKnownFileType = sourcecode.swift; path = TutorialHostViewController.swift; sourceTree = "<group>"; };
		8709475E248C33B100B3F047 /* TutorialPageViewController.swift */ = {isa = PBXFileReference; lastKnownFileType = sourcecode.swift; path = TutorialPageViewController.swift; sourceTree = "<group>"; };
		87094760248C354200B3F047 /* BundleExtension.swift */ = {isa = PBXFileReference; lastKnownFileType = sourcecode.swift; path = BundleExtension.swift; sourceTree = "<group>"; };
		87094762248C359500B3F047 /* UIApplication-activetraitcollection.swift */ = {isa = PBXFileReference; lastKnownFileType = sourcecode.swift; path = "UIApplication-activetraitcollection.swift"; sourceTree = "<group>"; };
		8731AFC924920C65007D6289 /* test.swift */ = {isa = PBXFileReference; fileEncoding = 4; lastKnownFileType = sourcecode.swift; path = test.swift; sourceTree = "<group>"; };
		8B4C0F0224859FAD001DE8B9 /* chronos.app */ = {isa = PBXFileReference; explicitFileType = wrapper.application; includeInIndex = 0; path = chronos.app; sourceTree = BUILT_PRODUCTS_DIR; };
		8B4C0F0524859FAD001DE8B9 /* AppDelegate.swift */ = {isa = PBXFileReference; lastKnownFileType = sourcecode.swift; path = AppDelegate.swift; sourceTree = "<group>"; };
		8B4C0F0724859FAD001DE8B9 /* SceneDelegate.swift */ = {isa = PBXFileReference; lastKnownFileType = sourcecode.swift; path = SceneDelegate.swift; sourceTree = "<group>"; };
		8B4C0F0C24859FAD001DE8B9 /* Base */ = {isa = PBXFileReference; lastKnownFileType = file.storyboard; name = Base; path = Base.lproj/Main.storyboard; sourceTree = "<group>"; };
		8B4C0F0E24859FAD001DE8B9 /* Assets.xcassets */ = {isa = PBXFileReference; lastKnownFileType = folder.assetcatalog; path = Assets.xcassets; sourceTree = "<group>"; };
		8B4C0F1324859FAD001DE8B9 /* Info.plist */ = {isa = PBXFileReference; lastKnownFileType = text.plist.xml; path = Info.plist; sourceTree = "<group>"; };
		8B4C0F1824859FAD001DE8B9 /* chronosTests.xctest */ = {isa = PBXFileReference; explicitFileType = wrapper.cfbundle; includeInIndex = 0; path = chronosTests.xctest; sourceTree = BUILT_PRODUCTS_DIR; };
		8B4C0F1C24859FAD001DE8B9 /* chronosTests.swift */ = {isa = PBXFileReference; lastKnownFileType = sourcecode.swift; path = chronosTests.swift; sourceTree = "<group>"; };
		8B4C0F1E24859FAD001DE8B9 /* Info.plist */ = {isa = PBXFileReference; lastKnownFileType = text.plist.xml; path = Info.plist; sourceTree = "<group>"; };
		8B4C0F2324859FAD001DE8B9 /* chronosUITests.xctest */ = {isa = PBXFileReference; explicitFileType = wrapper.cfbundle; includeInIndex = 0; path = chronosUITests.xctest; sourceTree = BUILT_PRODUCTS_DIR; };
		8B4C0F2724859FAD001DE8B9 /* chronosUITests.swift */ = {isa = PBXFileReference; lastKnownFileType = sourcecode.swift; path = chronosUITests.swift; sourceTree = "<group>"; };
		8B4C0F2924859FAD001DE8B9 /* Info.plist */ = {isa = PBXFileReference; lastKnownFileType = text.plist.xml; path = Info.plist; sourceTree = "<group>"; };
		B6E18B1F2EE1182A965592DD /* Pods_chronos.framework */ = {isa = PBXFileReference; explicitFileType = wrapper.framework; includeInIndex = 0; path = Pods_chronos.framework; sourceTree = BUILT_PRODUCTS_DIR; };
		C084F6BF95CA358CB24B7BF5 /* Pods_chronos_chronosUITests.framework */ = {isa = PBXFileReference; explicitFileType = wrapper.framework; includeInIndex = 0; path = Pods_chronos_chronosUITests.framework; sourceTree = BUILT_PRODUCTS_DIR; };
		C880F6312FD7E04FF2CB54FF /* Pods-chronos.debug.xcconfig */ = {isa = PBXFileReference; includeInIndex = 1; lastKnownFileType = text.xcconfig; name = "Pods-chronos.debug.xcconfig"; path = "Target Support Files/Pods-chronos/Pods-chronos.debug.xcconfig"; sourceTree = "<group>"; };
		F660B37111A056206A957715 /* Pods-chronosTests.debug.xcconfig */ = {isa = PBXFileReference; includeInIndex = 1; lastKnownFileType = text.xcconfig; name = "Pods-chronosTests.debug.xcconfig"; path = "Target Support Files/Pods-chronosTests/Pods-chronosTests.debug.xcconfig"; sourceTree = "<group>"; };
/* End PBXFileReference section */

/* Begin PBXFrameworksBuildPhase section */
		8B4C0EFF24859FAD001DE8B9 /* Frameworks */ = {
			isa = PBXFrameworksBuildPhase;
			buildActionMask = 2147483647;
			files = (
				8AA6D96106AC49EBB4C206B5 /* Pods_chronos.framework in Frameworks */,
			);
			runOnlyForDeploymentPostprocessing = 0;
		};
		8B4C0F1524859FAD001DE8B9 /* Frameworks */ = {
			isa = PBXFrameworksBuildPhase;
			buildActionMask = 2147483647;
			files = (
				CFD7DCDBF172477C0DF2310F /* Pods_chronosTests.framework in Frameworks */,
			);
			runOnlyForDeploymentPostprocessing = 0;
		};
		8B4C0F2024859FAD001DE8B9 /* Frameworks */ = {
			isa = PBXFrameworksBuildPhase;
			buildActionMask = 2147483647;
			files = (
				0CDFC7A96C3B17DDEB2FC75F /* Pods_chronos_chronosUITests.framework in Frameworks */,
			);
			runOnlyForDeploymentPostprocessing = 0;
		};
/* End PBXFrameworksBuildPhase section */

/* Begin PBXGroup section */
		01BB35FEDD1FD230F59769EE /* Frameworks */ = {
			isa = PBXGroup;
			children = (
				B6E18B1F2EE1182A965592DD /* Pods_chronos.framework */,
				C084F6BF95CA358CB24B7BF5 /* Pods_chronos_chronosUITests.framework */,
				3A31A66D7409369A1D7C0221 /* Pods_chronosTests.framework */,
			);
			name = Frameworks;
			sourceTree = "<group>";
		};
		8709474D248C230900B3F047 /* Tutorial */ = {
			isa = PBXGroup;
			children = (
				8709474B248C221400B3F047 /* Homeview.swift */,
				87094758248C333300B3F047 /* TutorialItem.swift */,
				8709475A248C337C00B3F047 /* TutorialItemViewController.swift */,
				8709475C248C339900B3F047 /* TutorialHostViewController.swift */,
				8709475E248C33B100B3F047 /* TutorialPageViewController.swift */,
				87094760248C354200B3F047 /* BundleExtension.swift */,
				87094762248C359500B3F047 /* UIApplication-activetraitcollection.swift */,
				87094752248C28CB00B3F047 /* UIView-FadeIn.swift */,
				87094750248C286100B3F047 /* GradientView.swift */,
				8709474E248C27AE00B3F047 /* Storyboarded.swift */,
				87094754248C328100B3F047 /* Tutorial.json */,
			);
			path = Tutorial;
			sourceTree = "<group>";
		};
		8731AFCD2497D3A8007D6289 /* Schedule */ = {
			isa = PBXGroup;
			children = (
				8669239B2489901D00D95EC3 /* IdealScheduleViewController.swift */,
				8669239F2489905F00D95EC3 /* IdealDetailViewController.swift */,
				866923A12489907900D95EC3 /* AddBlockViewController.swift */,
				86E97EEF24928FE800E192FA /* tableViewCells.swift */,
			);
			path = Schedule;
			sourceTree = "<group>";
		};
		8B4C0EF924859FAD001DE8B9 = {
			isa = PBXGroup;
			children = (
				8B4C0F0424859FAD001DE8B9 /* chronos */,
				8B4C0F1B24859FAD001DE8B9 /* chronosTests */,
				8B4C0F2624859FAD001DE8B9 /* chronosUITests */,
				8B4C0F0324859FAD001DE8B9 /* Products */,
				90208F9B16232E78855B888D /* Pods */,
				01BB35FEDD1FD230F59769EE /* Frameworks */,
			);
			sourceTree = "<group>";
		};
		8B4C0F0324859FAD001DE8B9 /* Products */ = {
			isa = PBXGroup;
			children = (
				8B4C0F0224859FAD001DE8B9 /* chronos.app */,
				8B4C0F1824859FAD001DE8B9 /* chronosTests.xctest */,
				8B4C0F2324859FAD001DE8B9 /* chronosUITests.xctest */,
			);
			name = Products;
			sourceTree = "<group>";
		};
		8B4C0F0424859FAD001DE8B9 /* chronos */ = {
			isa = PBXGroup;
			children = (
				8B4C0F0524859FAD001DE8B9 /* AppDelegate.swift */,
				8B4C0F0724859FAD001DE8B9 /* SceneDelegate.swift */,
				8B4C0F0B24859FAD001DE8B9 /* Main.storyboard */,
				8731AFCD2497D3A8007D6289 /* Schedule */,
				8669239D2489903B00D95EC3 /* AnalyticsViewController.swift */,
				8669239524898F3500D95EC3 /* LaunchScreenViewController.swift */,
				8669239724898FB900D95EC3 /* HomeViewController.swift */,
				8709474D248C230900B3F047 /* Tutorial */,
				8B4C0F0E24859FAD001DE8B9 /* Assets.xcassets */,
				87094756248C32F000B3F047 /* Tutorial.xcassets */,
				8B4C0F1324859FAD001DE8B9 /* Info.plist */,
				866923932489887400D95EC3 /* structures.swift */,
				8731AFC924920C65007D6289 /* test.swift */,
			);
			path = chronos;
			sourceTree = "<group>";
		};
		8B4C0F1B24859FAD001DE8B9 /* chronosTests */ = {
			isa = PBXGroup;
			children = (
				8B4C0F1C24859FAD001DE8B9 /* chronosTests.swift */,
				8B4C0F1E24859FAD001DE8B9 /* Info.plist */,
			);
			path = chronosTests;
			sourceTree = "<group>";
		};
		8B4C0F2624859FAD001DE8B9 /* chronosUITests */ = {
			isa = PBXGroup;
			children = (
				8B4C0F2724859FAD001DE8B9 /* chronosUITests.swift */,
				8B4C0F2924859FAD001DE8B9 /* Info.plist */,
			);
			path = chronosUITests;
			sourceTree = "<group>";
		};
		90208F9B16232E78855B888D /* Pods */ = {
			isa = PBXGroup;
			children = (
				C880F6312FD7E04FF2CB54FF /* Pods-chronos.debug.xcconfig */,
				3EA9A3BFFDEFAD3E41CAFB3A /* Pods-chronos.release.xcconfig */,
				42021CB987D19D123F9C30DE /* Pods-chronos-chronosUITests.debug.xcconfig */,
				72F45F85ADB17E2D9B427E9E /* Pods-chronos-chronosUITests.release.xcconfig */,
				F660B37111A056206A957715 /* Pods-chronosTests.debug.xcconfig */,
				4AF08790546BD9A7AF85BBC3 /* Pods-chronosTests.release.xcconfig */,
			);
			path = Pods;
			sourceTree = "<group>";
		};
/* End PBXGroup section */

/* Begin PBXNativeTarget section */
		8B4C0F0124859FAD001DE8B9 /* chronos */ = {
			isa = PBXNativeTarget;
			buildConfigurationList = 8B4C0F2C24859FAD001DE8B9 /* Build configuration list for PBXNativeTarget "chronos" */;
			buildPhases = (
				690AED1B0D5F962388015E1C /* [CP] Check Pods Manifest.lock */,
				8B4C0EFE24859FAD001DE8B9 /* Sources */,
				8B4C0EFF24859FAD001DE8B9 /* Frameworks */,
				8B4C0F0024859FAD001DE8B9 /* Resources */,
				33CCAD56234E97D8B1376AAC /* [CP] Embed Pods Frameworks */,
			);
			buildRules = (
			);
			dependencies = (
			);
			name = chronos;
			productName = chronos;
			productReference = 8B4C0F0224859FAD001DE8B9 /* chronos.app */;
			productType = "com.apple.product-type.application";
		};
		8B4C0F1724859FAD001DE8B9 /* chronosTests */ = {
			isa = PBXNativeTarget;
			buildConfigurationList = 8B4C0F2F24859FAD001DE8B9 /* Build configuration list for PBXNativeTarget "chronosTests" */;
			buildPhases = (
				2A9AD5B4DAFEF6D81C5129D3 /* [CP] Check Pods Manifest.lock */,
				8B4C0F1424859FAD001DE8B9 /* Sources */,
				8B4C0F1524859FAD001DE8B9 /* Frameworks */,
				8B4C0F1624859FAD001DE8B9 /* Resources */,
			);
			buildRules = (
			);
			dependencies = (
				8B4C0F1A24859FAD001DE8B9 /* PBXTargetDependency */,
			);
			name = chronosTests;
			productName = chronosTests;
			productReference = 8B4C0F1824859FAD001DE8B9 /* chronosTests.xctest */;
			productType = "com.apple.product-type.bundle.unit-test";
		};
		8B4C0F2224859FAD001DE8B9 /* chronosUITests */ = {
			isa = PBXNativeTarget;
			buildConfigurationList = 8B4C0F3224859FAD001DE8B9 /* Build configuration list for PBXNativeTarget "chronosUITests" */;
			buildPhases = (
				F9B3019351A2CC63688B7803 /* [CP] Check Pods Manifest.lock */,
				8B4C0F1F24859FAD001DE8B9 /* Sources */,
				8B4C0F2024859FAD001DE8B9 /* Frameworks */,
				8B4C0F2124859FAD001DE8B9 /* Resources */,
				3FA1B52C89F345D65DD2CCA6 /* [CP] Embed Pods Frameworks */,
			);
			buildRules = (
			);
			dependencies = (
				8B4C0F2524859FAD001DE8B9 /* PBXTargetDependency */,
			);
			name = chronosUITests;
			productName = chronosUITests;
			productReference = 8B4C0F2324859FAD001DE8B9 /* chronosUITests.xctest */;
			productType = "com.apple.product-type.bundle.ui-testing";
		};
/* End PBXNativeTarget section */

/* Begin PBXProject section */
		8B4C0EFA24859FAD001DE8B9 /* Project object */ = {
			isa = PBXProject;
			attributes = {
				LastSwiftUpdateCheck = 1150;
				LastUpgradeCheck = 1150;
				ORGANIZATIONNAME = "Ziyong Cui";
				TargetAttributes = {
					8B4C0F0124859FAD001DE8B9 = {
						CreatedOnToolsVersion = 11.5;
					};
					8B4C0F1724859FAD001DE8B9 = {
						CreatedOnToolsVersion = 11.5;
						TestTargetID = 8B4C0F0124859FAD001DE8B9;
					};
					8B4C0F2224859FAD001DE8B9 = {
						CreatedOnToolsVersion = 11.5;
						TestTargetID = 8B4C0F0124859FAD001DE8B9;
					};
				};
			};
			buildConfigurationList = 8B4C0EFD24859FAD001DE8B9 /* Build configuration list for PBXProject "chronos" */;
			compatibilityVersion = "Xcode 9.3";
			developmentRegion = en;
			hasScannedForEncodings = 0;
			knownRegions = (
				en,
				Base,
			);
			mainGroup = 8B4C0EF924859FAD001DE8B9;
			productRefGroup = 8B4C0F0324859FAD001DE8B9 /* Products */;
			projectDirPath = "";
			projectRoot = "";
			targets = (
				8B4C0F0124859FAD001DE8B9 /* chronos */,
				8B4C0F1724859FAD001DE8B9 /* chronosTests */,
				8B4C0F2224859FAD001DE8B9 /* chronosUITests */,
			);
		};
/* End PBXProject section */

/* Begin PBXResourcesBuildPhase section */
		8B4C0F0024859FAD001DE8B9 /* Resources */ = {
			isa = PBXResourcesBuildPhase;
			buildActionMask = 2147483647;
			files = (
				8B4C0F0F24859FAD001DE8B9 /* Assets.xcassets in Resources */,
				87094757248C32F000B3F047 /* Tutorial.xcassets in Resources */,
				87094755248C328100B3F047 /* Tutorial.json in Resources */,
				8B4C0F0D24859FAD001DE8B9 /* Main.storyboard in Resources */,
			);
			runOnlyForDeploymentPostprocessing = 0;
		};
		8B4C0F1624859FAD001DE8B9 /* Resources */ = {
			isa = PBXResourcesBuildPhase;
			buildActionMask = 2147483647;
			files = (
			);
			runOnlyForDeploymentPostprocessing = 0;
		};
		8B4C0F2124859FAD001DE8B9 /* Resources */ = {
			isa = PBXResourcesBuildPhase;
			buildActionMask = 2147483647;
			files = (
			);
			runOnlyForDeploymentPostprocessing = 0;
		};
/* End PBXResourcesBuildPhase section */

/* Begin PBXShellScriptBuildPhase section */
		2A9AD5B4DAFEF6D81C5129D3 /* [CP] Check Pods Manifest.lock */ = {
			isa = PBXShellScriptBuildPhase;
			buildActionMask = 2147483647;
			files = (
			);
			inputFileListPaths = (
			);
			inputPaths = (
				"${PODS_PODFILE_DIR_PATH}/Podfile.lock",
				"${PODS_ROOT}/Manifest.lock",
			);
			name = "[CP] Check Pods Manifest.lock";
			outputFileListPaths = (
			);
			outputPaths = (
				"$(DERIVED_FILE_DIR)/Pods-chronosTests-checkManifestLockResult.txt",
			);
			runOnlyForDeploymentPostprocessing = 0;
			shellPath = /bin/sh;
			shellScript = "diff \"${PODS_PODFILE_DIR_PATH}/Podfile.lock\" \"${PODS_ROOT}/Manifest.lock\" > /dev/null\nif [ $? != 0 ] ; then\n    # print error to STDERR\n    echo \"error: The sandbox is not in sync with the Podfile.lock. Run 'pod install' or update your CocoaPods installation.\" >&2\n    exit 1\nfi\n# This output is used by Xcode 'outputs' to avoid re-running this script phase.\necho \"SUCCESS\" > \"${SCRIPT_OUTPUT_FILE_0}\"\n";
			showEnvVarsInLog = 0;
		};
		33CCAD56234E97D8B1376AAC /* [CP] Embed Pods Frameworks */ = {
			isa = PBXShellScriptBuildPhase;
			buildActionMask = 2147483647;
			files = (
			);
			inputFileListPaths = (
				"${PODS_ROOT}/Target Support Files/Pods-chronos/Pods-chronos-frameworks-${CONFIGURATION}-input-files.xcfilelist",
			);
			name = "[CP] Embed Pods Frameworks";
			outputFileListPaths = (
				"${PODS_ROOT}/Target Support Files/Pods-chronos/Pods-chronos-frameworks-${CONFIGURATION}-output-files.xcfilelist",
			);
			runOnlyForDeploymentPostprocessing = 0;
			shellPath = /bin/sh;
			shellScript = "\"${PODS_ROOT}/Target Support Files/Pods-chronos/Pods-chronos-frameworks.sh\"\n";
			showEnvVarsInLog = 0;
		};
		3FA1B52C89F345D65DD2CCA6 /* [CP] Embed Pods Frameworks */ = {
			isa = PBXShellScriptBuildPhase;
			buildActionMask = 2147483647;
			files = (
			);
			inputFileListPaths = (
				"${PODS_ROOT}/Target Support Files/Pods-chronos-chronosUITests/Pods-chronos-chronosUITests-frameworks-${CONFIGURATION}-input-files.xcfilelist",
			);
			name = "[CP] Embed Pods Frameworks";
			outputFileListPaths = (
				"${PODS_ROOT}/Target Support Files/Pods-chronos-chronosUITests/Pods-chronos-chronosUITests-frameworks-${CONFIGURATION}-output-files.xcfilelist",
			);
			runOnlyForDeploymentPostprocessing = 0;
			shellPath = /bin/sh;
			shellScript = "\"${PODS_ROOT}/Target Support Files/Pods-chronos-chronosUITests/Pods-chronos-chronosUITests-frameworks.sh\"\n";
			showEnvVarsInLog = 0;
		};
		690AED1B0D5F962388015E1C /* [CP] Check Pods Manifest.lock */ = {
			isa = PBXShellScriptBuildPhase;
			buildActionMask = 2147483647;
			files = (
			);
			inputFileListPaths = (
			);
			inputPaths = (
				"${PODS_PODFILE_DIR_PATH}/Podfile.lock",
				"${PODS_ROOT}/Manifest.lock",
			);
			name = "[CP] Check Pods Manifest.lock";
			outputFileListPaths = (
			);
			outputPaths = (
				"$(DERIVED_FILE_DIR)/Pods-chronos-checkManifestLockResult.txt",
			);
			runOnlyForDeploymentPostprocessing = 0;
			shellPath = /bin/sh;
			shellScript = "diff \"${PODS_PODFILE_DIR_PATH}/Podfile.lock\" \"${PODS_ROOT}/Manifest.lock\" > /dev/null\nif [ $? != 0 ] ; then\n    # print error to STDERR\n    echo \"error: The sandbox is not in sync with the Podfile.lock. Run 'pod install' or update your CocoaPods installation.\" >&2\n    exit 1\nfi\n# This output is used by Xcode 'outputs' to avoid re-running this script phase.\necho \"SUCCESS\" > \"${SCRIPT_OUTPUT_FILE_0}\"\n";
			showEnvVarsInLog = 0;
		};
		F9B3019351A2CC63688B7803 /* [CP] Check Pods Manifest.lock */ = {
			isa = PBXShellScriptBuildPhase;
			buildActionMask = 2147483647;
			files = (
			);
			inputFileListPaths = (
			);
			inputPaths = (
				"${PODS_PODFILE_DIR_PATH}/Podfile.lock",
				"${PODS_ROOT}/Manifest.lock",
			);
			name = "[CP] Check Pods Manifest.lock";
			outputFileListPaths = (
			);
			outputPaths = (
				"$(DERIVED_FILE_DIR)/Pods-chronos-chronosUITests-checkManifestLockResult.txt",
			);
			runOnlyForDeploymentPostprocessing = 0;
			shellPath = /bin/sh;
			shellScript = "diff \"${PODS_PODFILE_DIR_PATH}/Podfile.lock\" \"${PODS_ROOT}/Manifest.lock\" > /dev/null\nif [ $? != 0 ] ; then\n    # print error to STDERR\n    echo \"error: The sandbox is not in sync with the Podfile.lock. Run 'pod install' or update your CocoaPods installation.\" >&2\n    exit 1\nfi\n# This output is used by Xcode 'outputs' to avoid re-running this script phase.\necho \"SUCCESS\" > \"${SCRIPT_OUTPUT_FILE_0}\"\n";
			showEnvVarsInLog = 0;
		};
/* End PBXShellScriptBuildPhase section */

/* Begin PBXSourcesBuildPhase section */
		8B4C0EFE24859FAD001DE8B9 /* Sources */ = {
			isa = PBXSourcesBuildPhase;
			buildActionMask = 2147483647;
			files = (
				8709474C248C221400B3F047 /* Homeview.swift in Sources */,
				866923A22489907900D95EC3 /* AddBlockViewController.swift in Sources */,
				866923A02489905F00D95EC3 /* IdealDetailViewController.swift in Sources */,
				8B4C0F0624859FAD001DE8B9 /* AppDelegate.swift in Sources */,
				87094761248C354200B3F047 /* BundleExtension.swift in Sources */,
				8669239624898F3500D95EC3 /* LaunchScreenViewController.swift in Sources */,
				8B4C0F0824859FAD001DE8B9 /* SceneDelegate.swift in Sources */,
				87094763248C359500B3F047 /* UIApplication-activetraitcollection.swift in Sources */,
				87094759248C333300B3F047 /* TutorialItem.swift in Sources */,
				866923942489887400D95EC3 /* structures.swift in Sources */,
				8669239824898FB900D95EC3 /* HomeViewController.swift in Sources */,
				8709475B248C337C00B3F047 /* TutorialItemViewController.swift in Sources */,
				8731AFCA24920C65007D6289 /* test.swift in Sources */,
				8669239C2489901D00D95EC3 /* IdealScheduleViewController.swift in Sources */,
				87094751248C286100B3F047 /* GradientView.swift in Sources */,
				87094753248C28CB00B3F047 /* UIView-FadeIn.swift in Sources */,
				8709475F248C33B100B3F047 /* TutorialPageViewController.swift in Sources */,
				8669239E2489903B00D95EC3 /* AnalyticsViewController.swift in Sources */,
				8709474F248C27AE00B3F047 /* Storyboarded.swift in Sources */,
				8709475D248C339900B3F047 /* TutorialHostViewController.swift in Sources */,
				86E97EF024928FE800E192FA /* tableViewCells.swift in Sources */,
			);
			runOnlyForDeploymentPostprocessing = 0;
		};
		8B4C0F1424859FAD001DE8B9 /* Sources */ = {
			isa = PBXSourcesBuildPhase;
			buildActionMask = 2147483647;
			files = (
				8B4C0F1D24859FAD001DE8B9 /* chronosTests.swift in Sources */,
			);
			runOnlyForDeploymentPostprocessing = 0;
		};
		8B4C0F1F24859FAD001DE8B9 /* Sources */ = {
			isa = PBXSourcesBuildPhase;
			buildActionMask = 2147483647;
			files = (
				8B4C0F2824859FAD001DE8B9 /* chronosUITests.swift in Sources */,
			);
			runOnlyForDeploymentPostprocessing = 0;
		};
/* End PBXSourcesBuildPhase section */

/* Begin PBXTargetDependency section */
		8B4C0F1A24859FAD001DE8B9 /* PBXTargetDependency */ = {
			isa = PBXTargetDependency;
			target = 8B4C0F0124859FAD001DE8B9 /* chronos */;
			targetProxy = 8B4C0F1924859FAD001DE8B9 /* PBXContainerItemProxy */;
		};
		8B4C0F2524859FAD001DE8B9 /* PBXTargetDependency */ = {
			isa = PBXTargetDependency;
			target = 8B4C0F0124859FAD001DE8B9 /* chronos */;
			targetProxy = 8B4C0F2424859FAD001DE8B9 /* PBXContainerItemProxy */;
		};
/* End PBXTargetDependency section */

/* Begin PBXVariantGroup section */
		8B4C0F0B24859FAD001DE8B9 /* Main.storyboard */ = {
			isa = PBXVariantGroup;
			children = (
				8B4C0F0C24859FAD001DE8B9 /* Base */,
			);
			name = Main.storyboard;
			sourceTree = "<group>";
		};
/* End PBXVariantGroup section */

/* Begin XCBuildConfiguration section */
		8B4C0F2A24859FAD001DE8B9 /* Debug */ = {
			isa = XCBuildConfiguration;
			buildSettings = {
				ALWAYS_SEARCH_USER_PATHS = NO;
				CLANG_ANALYZER_NONNULL = YES;
				CLANG_ANALYZER_NUMBER_OBJECT_CONVERSION = YES_AGGRESSIVE;
				CLANG_CXX_LANGUAGE_STANDARD = "gnu++14";
				CLANG_CXX_LIBRARY = "libc++";
				CLANG_ENABLE_MODULES = YES;
				CLANG_ENABLE_OBJC_ARC = YES;
				CLANG_ENABLE_OBJC_WEAK = YES;
				CLANG_WARN_BLOCK_CAPTURE_AUTORELEASING = YES;
				CLANG_WARN_BOOL_CONVERSION = YES;
				CLANG_WARN_COMMA = YES;
				CLANG_WARN_CONSTANT_CONVERSION = YES;
				CLANG_WARN_DEPRECATED_OBJC_IMPLEMENTATIONS = YES;
				CLANG_WARN_DIRECT_OBJC_ISA_USAGE = YES_ERROR;
				CLANG_WARN_DOCUMENTATION_COMMENTS = YES;
				CLANG_WARN_EMPTY_BODY = YES;
				CLANG_WARN_ENUM_CONVERSION = YES;
				CLANG_WARN_INFINITE_RECURSION = YES;
				CLANG_WARN_INT_CONVERSION = YES;
				CLANG_WARN_NON_LITERAL_NULL_CONVERSION = YES;
				CLANG_WARN_OBJC_IMPLICIT_RETAIN_SELF = YES;
				CLANG_WARN_OBJC_LITERAL_CONVERSION = YES;
				CLANG_WARN_OBJC_ROOT_CLASS = YES_ERROR;
				CLANG_WARN_RANGE_LOOP_ANALYSIS = YES;
				CLANG_WARN_STRICT_PROTOTYPES = YES;
				CLANG_WARN_SUSPICIOUS_MOVE = YES;
				CLANG_WARN_UNGUARDED_AVAILABILITY = YES_AGGRESSIVE;
				CLANG_WARN_UNREACHABLE_CODE = YES;
				CLANG_WARN__DUPLICATE_METHOD_MATCH = YES;
				COPY_PHASE_STRIP = NO;
				DEBUG_INFORMATION_FORMAT = dwarf;
				ENABLE_STRICT_OBJC_MSGSEND = YES;
				ENABLE_TESTABILITY = YES;
				GCC_C_LANGUAGE_STANDARD = gnu11;
				GCC_DYNAMIC_NO_PIC = NO;
				GCC_NO_COMMON_BLOCKS = YES;
				GCC_OPTIMIZATION_LEVEL = 0;
				GCC_PREPROCESSOR_DEFINITIONS = (
					"DEBUG=1",
					"$(inherited)",
				);
				GCC_WARN_64_TO_32_BIT_CONVERSION = YES;
				GCC_WARN_ABOUT_RETURN_TYPE = YES_ERROR;
				GCC_WARN_UNDECLARED_SELECTOR = YES;
				GCC_WARN_UNINITIALIZED_AUTOS = YES_AGGRESSIVE;
				GCC_WARN_UNUSED_FUNCTION = YES;
				GCC_WARN_UNUSED_VARIABLE = YES;
				IPHONEOS_DEPLOYMENT_TARGET = 13.5;
				MTL_ENABLE_DEBUG_INFO = INCLUDE_SOURCE;
				MTL_FAST_MATH = YES;
				ONLY_ACTIVE_ARCH = YES;
				SDKROOT = iphoneos;
				SWIFT_ACTIVE_COMPILATION_CONDITIONS = DEBUG;
				SWIFT_OPTIMIZATION_LEVEL = "-Onone";
			};
			name = Debug;
		};
		8B4C0F2B24859FAD001DE8B9 /* Release */ = {
			isa = XCBuildConfiguration;
			buildSettings = {
				ALWAYS_SEARCH_USER_PATHS = NO;
				CLANG_ANALYZER_NONNULL = YES;
				CLANG_ANALYZER_NUMBER_OBJECT_CONVERSION = YES_AGGRESSIVE;
				CLANG_CXX_LANGUAGE_STANDARD = "gnu++14";
				CLANG_CXX_LIBRARY = "libc++";
				CLANG_ENABLE_MODULES = YES;
				CLANG_ENABLE_OBJC_ARC = YES;
				CLANG_ENABLE_OBJC_WEAK = YES;
				CLANG_WARN_BLOCK_CAPTURE_AUTORELEASING = YES;
				CLANG_WARN_BOOL_CONVERSION = YES;
				CLANG_WARN_COMMA = YES;
				CLANG_WARN_CONSTANT_CONVERSION = YES;
				CLANG_WARN_DEPRECATED_OBJC_IMPLEMENTATIONS = YES;
				CLANG_WARN_DIRECT_OBJC_ISA_USAGE = YES_ERROR;
				CLANG_WARN_DOCUMENTATION_COMMENTS = YES;
				CLANG_WARN_EMPTY_BODY = YES;
				CLANG_WARN_ENUM_CONVERSION = YES;
				CLANG_WARN_INFINITE_RECURSION = YES;
				CLANG_WARN_INT_CONVERSION = YES;
				CLANG_WARN_NON_LITERAL_NULL_CONVERSION = YES;
				CLANG_WARN_OBJC_IMPLICIT_RETAIN_SELF = YES;
				CLANG_WARN_OBJC_LITERAL_CONVERSION = YES;
				CLANG_WARN_OBJC_ROOT_CLASS = YES_ERROR;
				CLANG_WARN_RANGE_LOOP_ANALYSIS = YES;
				CLANG_WARN_STRICT_PROTOTYPES = YES;
				CLANG_WARN_SUSPICIOUS_MOVE = YES;
				CLANG_WARN_UNGUARDED_AVAILABILITY = YES_AGGRESSIVE;
				CLANG_WARN_UNREACHABLE_CODE = YES;
				CLANG_WARN__DUPLICATE_METHOD_MATCH = YES;
				COPY_PHASE_STRIP = NO;
				DEBUG_INFORMATION_FORMAT = "dwarf-with-dsym";
				ENABLE_NS_ASSERTIONS = NO;
				ENABLE_STRICT_OBJC_MSGSEND = YES;
				GCC_C_LANGUAGE_STANDARD = gnu11;
				GCC_NO_COMMON_BLOCKS = YES;
				GCC_WARN_64_TO_32_BIT_CONVERSION = YES;
				GCC_WARN_ABOUT_RETURN_TYPE = YES_ERROR;
				GCC_WARN_UNDECLARED_SELECTOR = YES;
				GCC_WARN_UNINITIALIZED_AUTOS = YES_AGGRESSIVE;
				GCC_WARN_UNUSED_FUNCTION = YES;
				GCC_WARN_UNUSED_VARIABLE = YES;
				IPHONEOS_DEPLOYMENT_TARGET = 13.5;
				MTL_ENABLE_DEBUG_INFO = NO;
				MTL_FAST_MATH = YES;
				SDKROOT = iphoneos;
				SWIFT_COMPILATION_MODE = wholemodule;
				SWIFT_OPTIMIZATION_LEVEL = "-O";
				VALIDATE_PRODUCT = YES;
			};
			name = Release;
		};
		8B4C0F2D24859FAD001DE8B9 /* Debug */ = {
			isa = XCBuildConfiguration;
			baseConfigurationReference = C880F6312FD7E04FF2CB54FF /* Pods-chronos.debug.xcconfig */;
			buildSettings = {
				ASSETCATALOG_COMPILER_APPICON_NAME = AppIcon;
				CODE_SIGN_IDENTITY = "Apple Development";
				CODE_SIGN_STYLE = Automatic;
				CURRENT_PROJECT_VERSION = 0;
				DEVELOPMENT_TEAM = LT3RLS668S;
				INFOPLIST_FILE = chronos/Info.plist;
				IPHONEOS_DEPLOYMENT_TARGET = 13.0;
				LD_RUNPATH_SEARCH_PATHS = (
					"$(inherited)",
					"@executable_path/Frameworks",
				);
				MARKETING_VERSION = 1.0.0;
				PRODUCT_BUNDLE_IDENTIFIER = ronnocgnad.chronos;
				PRODUCT_NAME = "$(TARGET_NAME)";
				PROVISIONING_PROFILE_SPECIFIER = "";
				SWIFT_VERSION = 5.0;
				TARGETED_DEVICE_FAMILY = "1,2";
			};
			name = Debug;
		};
		8B4C0F2E24859FAD001DE8B9 /* Release */ = {
			isa = XCBuildConfiguration;
			baseConfigurationReference = 3EA9A3BFFDEFAD3E41CAFB3A /* Pods-chronos.release.xcconfig */;
			buildSettings = {
				ASSETCATALOG_COMPILER_APPICON_NAME = AppIcon;
				CODE_SIGN_IDENTITY = "Apple Development";
				CODE_SIGN_STYLE = Automatic;
				CURRENT_PROJECT_VERSION = 0;
				DEVELOPMENT_TEAM = LT3RLS668S;
				INFOPLIST_FILE = chronos/Info.plist;
				IPHONEOS_DEPLOYMENT_TARGET = 13.0;
				LD_RUNPATH_SEARCH_PATHS = (
					"$(inherited)",
					"@executable_path/Frameworks",
				);
				MARKETING_VERSION = 1.0.0;
				PRODUCT_BUNDLE_IDENTIFIER = ronnocgnad.chronos;
				PRODUCT_NAME = "$(TARGET_NAME)";
				PROVISIONING_PROFILE_SPECIFIER = "";
				SWIFT_VERSION = 5.0;
				TARGETED_DEVICE_FAMILY = "1,2";
			};
			name = Release;
		};
		8B4C0F3024859FAD001DE8B9 /* Debug */ = {
			isa = XCBuildConfiguration;
			baseConfigurationReference = F660B37111A056206A957715 /* Pods-chronosTests.debug.xcconfig */;
			buildSettings = {
				ALWAYS_EMBED_SWIFT_STANDARD_LIBRARIES = YES;
				BUNDLE_LOADER = "$(TEST_HOST)";
				CODE_SIGN_STYLE = Automatic;
				INFOPLIST_FILE = chronosTests/Info.plist;
				IPHONEOS_DEPLOYMENT_TARGET = 13.2;
				LD_RUNPATH_SEARCH_PATHS = (
					"$(inherited)",
					"@executable_path/Frameworks",
					"@loader_path/Frameworks",
				);
				PRODUCT_BUNDLE_IDENTIFIER = Chronos.chronosTests;
				PRODUCT_NAME = "$(TARGET_NAME)";
				SWIFT_VERSION = 5.0;
				TARGETED_DEVICE_FAMILY = "1,2";
				TEST_HOST = "$(BUILT_PRODUCTS_DIR)/chronos.app/chronos";
			};
			name = Debug;
		};
		8B4C0F3124859FAD001DE8B9 /* Release */ = {
			isa = XCBuildConfiguration;
			baseConfigurationReference = 4AF08790546BD9A7AF85BBC3 /* Pods-chronosTests.release.xcconfig */;
			buildSettings = {
				ALWAYS_EMBED_SWIFT_STANDARD_LIBRARIES = YES;
				BUNDLE_LOADER = "$(TEST_HOST)";
				CODE_SIGN_STYLE = Automatic;
				INFOPLIST_FILE = chronosTests/Info.plist;
				IPHONEOS_DEPLOYMENT_TARGET = 13.2;
				LD_RUNPATH_SEARCH_PATHS = (
					"$(inherited)",
					"@executable_path/Frameworks",
					"@loader_path/Frameworks",
				);
				PRODUCT_BUNDLE_IDENTIFIER = Chronos.chronosTests;
				PRODUCT_NAME = "$(TARGET_NAME)";
				SWIFT_VERSION = 5.0;
				TARGETED_DEVICE_FAMILY = "1,2";
				TEST_HOST = "$(BUILT_PRODUCTS_DIR)/chronos.app/chronos";
			};
			name = Release;
		};
		8B4C0F3324859FAD001DE8B9 /* Debug */ = {
			isa = XCBuildConfiguration;
			baseConfigurationReference = 42021CB987D19D123F9C30DE /* Pods-chronos-chronosUITests.debug.xcconfig */;
			buildSettings = {
				ALWAYS_EMBED_SWIFT_STANDARD_LIBRARIES = YES;
				CODE_SIGN_STYLE = Automatic;
				INFOPLIST_FILE = chronosUITests/Info.plist;
				IPHONEOS_DEPLOYMENT_TARGET = 13.0;
				LD_RUNPATH_SEARCH_PATHS = (
					"$(inherited)",
					"@executable_path/Frameworks",
					"@loader_path/Frameworks",
				);
				PRODUCT_BUNDLE_IDENTIFIER = Chronos.chronosUITests;
				PRODUCT_NAME = "$(TARGET_NAME)";
				SWIFT_VERSION = 5.0;
				TARGETED_DEVICE_FAMILY = "1,2";
				TEST_TARGET_NAME = chronos;
			};
			name = Debug;
		};
		8B4C0F3424859FAD001DE8B9 /* Release */ = {
			isa = XCBuildConfiguration;
			baseConfigurationReference = 72F45F85ADB17E2D9B427E9E /* Pods-chronos-chronosUITests.release.xcconfig */;
			buildSettings = {
				ALWAYS_EMBED_SWIFT_STANDARD_LIBRARIES = YES;
				CODE_SIGN_STYLE = Automatic;
				INFOPLIST_FILE = chronosUITests/Info.plist;
				IPHONEOS_DEPLOYMENT_TARGET = 13.0;
				LD_RUNPATH_SEARCH_PATHS = (
					"$(inherited)",
					"@executable_path/Frameworks",
					"@loader_path/Frameworks",
				);
				PRODUCT_BUNDLE_IDENTIFIER = Chronos.chronosUITests;
				PRODUCT_NAME = "$(TARGET_NAME)";
				SWIFT_VERSION = 5.0;
				TARGETED_DEVICE_FAMILY = "1,2";
				TEST_TARGET_NAME = chronos;
			};
			name = Release;
		};
/* End XCBuildConfiguration section */

/* Begin XCConfigurationList section */
		8B4C0EFD24859FAD001DE8B9 /* Build configuration list for PBXProject "chronos" */ = {
			isa = XCConfigurationList;
			buildConfigurations = (
				8B4C0F2A24859FAD001DE8B9 /* Debug */,
				8B4C0F2B24859FAD001DE8B9 /* Release */,
			);
			defaultConfigurationIsVisible = 0;
			defaultConfigurationName = Release;
		};
		8B4C0F2C24859FAD001DE8B9 /* Build configuration list for PBXNativeTarget "chronos" */ = {
			isa = XCConfigurationList;
			buildConfigurations = (
				8B4C0F2D24859FAD001DE8B9 /* Debug */,
				8B4C0F2E24859FAD001DE8B9 /* Release */,
			);
			defaultConfigurationIsVisible = 0;
			defaultConfigurationName = Release;
		};
		8B4C0F2F24859FAD001DE8B9 /* Build configuration list for PBXNativeTarget "chronosTests" */ = {
			isa = XCConfigurationList;
			buildConfigurations = (
				8B4C0F3024859FAD001DE8B9 /* Debug */,
				8B4C0F3124859FAD001DE8B9 /* Release */,
			);
			defaultConfigurationIsVisible = 0;
			defaultConfigurationName = Release;
		};
		8B4C0F3224859FAD001DE8B9 /* Build configuration list for PBXNativeTarget "chronosUITests" */ = {
			isa = XCConfigurationList;
			buildConfigurations = (
				8B4C0F3324859FAD001DE8B9 /* Debug */,
				8B4C0F3424859FAD001DE8B9 /* Release */,
			);
			defaultConfigurationIsVisible = 0;
			defaultConfigurationName = Release;
		};
/* End XCConfigurationList section */
	};
	rootObject = 8B4C0EFA24859FAD001DE8B9 /* Project object */;
}
